{
  "projects": [
    {
      "projectId": "5PB5qCyELTTB2Fu8TWkbXw",
      "version": "latest",
      "dependencies": {},
      "lang": "ts",
      "fileLocks": [
        {
          "type": "globalVariant",
          "assetId": "x9arTzcY8bnJDn",
          "checksum": "345c254936308a19305cb8d7c4b63880"
        },
        {
          "type": "renderModule",
          "assetId": "sYtCQE2xB7EwA",
          "checksum": "22c8aef203097675c6d58dede339f838"
        },
        {
          "type": "cssRules",
          "assetId": "sYtCQE2xB7EwA",
          "checksum": "22c8aef203097675c6d58dede339f838"
        },
        {
          "type": "renderModule",
          "assetId": "ThTj1ia1xzyMF",
          "checksum": "f0584f9822a3fc559c7d7b8a7034b4df"
        },
        {
          "type": "cssRules",
          "assetId": "ThTj1ia1xzyMF",
          "checksum": "f0584f9822a3fc559c7d7b8a7034b4df"
        },
        {
          "type": "renderModule",
          "assetId": "xdy9x6J9RGV7j",
          "checksum": "f27f9060fc81db968fe87dbf9d2fad56"
        },
        {
          "type": "cssRules",
          "assetId": "xdy9x6J9RGV7j",
          "checksum": "f27f9060fc81db968fe87dbf9d2fad56"
        },
        {
          "type": "renderModule",
          "assetId": "znvNxN-p8NmP4I",
          "checksum": "6282e699cc40bbf27015876fe3385249"
        },
        {
          "type": "cssRules",
          "assetId": "znvNxN-p8NmP4I",
          "checksum": "6282e699cc40bbf27015876fe3385249"
        },
        {
          "type": "renderModule",
          "assetId": "kNGmokXiskPehV",
          "checksum": "aa1394b1afb4137c6162ceffc6a3a7bc"
        },
        {
          "type": "cssRules",
          "assetId": "kNGmokXiskPehV",
          "checksum": "aa1394b1afb4137c6162ceffc6a3a7bc"
        },
        {
          "type": "renderModule",
          "assetId": "JKT-Ml_ZZCz0qd",
          "checksum": "db0b49cee21afe59a41f8e53680be51a"
        },
        {
          "type": "cssRules",
          "assetId": "JKT-Ml_ZZCz0qd",
          "checksum": "db0b49cee21afe59a41f8e53680be51a"
        },
        {
          "type": "renderModule",
          "assetId": "Y_COCBceTE-ZK1",
          "checksum": "83b26b3edba2d306838435760de89e84"
        },
        {
          "type": "cssRules",
          "assetId": "Y_COCBceTE-ZK1",
          "checksum": "83b26b3edba2d306838435760de89e84"
        },
        {
          "type": "renderModule",
          "assetId": "AN_TmxifACLjxq",
          "checksum": "cd40dbe0f93fe1efe3074018c38d79fd"
        },
        {
          "type": "cssRules",
          "assetId": "AN_TmxifACLjxq",
          "checksum": "cd40dbe0f93fe1efe3074018c38d79fd"
        },
        {
          "type": "renderModule",
          "assetId": "lVvWKYP_zUrgxj",
          "checksum": "b91b80a303a058c8cae99e4f17b01a62"
        },
        {
          "type": "cssRules",
          "assetId": "lVvWKYP_zUrgxj",
          "checksum": "b91b80a303a058c8cae99e4f17b01a62"
        },
        {
          "type": "icon",
          "assetId": "j5U3TjL1kXsdvq",
          "checksum": "95d3129323c733b8ac485e0fbf9e6edb"
        },
        {
          "type": "icon",
          "assetId": "e0XjbV9n8fM-6c",
          "checksum": "f9a700e4801c9a138627af85fcb05858"
        },
        {
          "type": "icon",
          "assetId": "YePjAhLoU8-C6U",
          "checksum": "ee626fa03aa4ebd2ccdd568659f185f3"
        },
        {
          "type": "icon",
          "assetId": "yRYLWsul1JZvHk",
          "checksum": "2d9181406f26dae33e92509e4af0381e"
        },
        {
          "type": "icon",
          "assetId": "v0V6In06cY5bt-",
          "checksum": "0ab8219bea9a56f0b8e9eedfe0c4617a"
        },
        {
          "type": "icon",
          "assetId": "cCbAgQCaXrMGko",
          "checksum": "653231530d0a507eb7defc3c1371e1a3"
        },
        {
          "type": "icon",
          "assetId": "fDa8FENzYk-XMl",
          "checksum": "cb9911078f7818f3c50f80848d9f7a7d"
        },
        {
          "type": "icon",
          "assetId": "HGY_PRzo64YPpl",
          "checksum": "cb84c343fdf9a26e9e9643853e2321a4"
        },
        {
          "type": "icon",
          "assetId": "HkiSzC_kJSHGRY",
          "checksum": "230e6faa58cb64c1192036baf7c09529"
        },
        {
          "type": "icon",
          "assetId": "M8eFhYz9xdMZqN",
          "checksum": "5701d01bf071e9a885e6ae98fda7434d"
        },
        {
          "type": "icon",
          "assetId": "rRpPazZLY61QmO",
          "checksum": "79b324aab211dd17a52c97ace13c9d4d"
        },
        {
          "type": "icon",
          "assetId": "CKHWcQacSGbLoe",
          "checksum": "e6bfc7f257d02bcab935417d4960c1c2"
        },
        {
          "type": "icon",
          "assetId": "mRA_RZy-sd23s0",
          "checksum": "04874597b0509d13957f078040e99695"
        },
        {
          "type": "icon",
          "assetId": "pHx1ezUfsrLT_y",
          "checksum": "417dd0293d20dbbf290f9dec5258ad73"
        },
        {
          "type": "icon",
          "assetId": "2BpcZIF5IteUnp",
          "checksum": "e1926b836a7e43a3e320ebe480d666e4"
        },
        {
          "type": "icon",
          "assetId": "hCgGn_YLuslcKD",
          "checksum": "898e0ff419c3c2ccec8deba612a90e07"
        },
        {
          "type": "icon",
          "assetId": "qpckHd-0YxOPUs",
          "checksum": "45cdba36a711b5e786dfb3789b7477db"
        },
        {
          "type": "icon",
          "assetId": "PPK87QlPRHfRqZ",
          "checksum": "7b189fa58a5fc7c016778244d892a5ad"
        },
        {
          "type": "icon",
          "assetId": "l2pdskzpfhCCII",
          "checksum": "9286ec249e8f68caf6e1239fa24b6f9e"
        },
        {
          "type": "icon",
          "assetId": "Z9Z2LpTcL87TkY",
          "checksum": "1b1eb6c52f29340ac740ab94e8b4d2cb"
        },
        {
          "type": "icon",
          "assetId": "5ggCM7Upo2LjZM",
          "checksum": "4bdfc2a4825c23ad181cb8b47acc2f98"
        },
        {
          "type": "icon",
          "assetId": "urUc-esweiNaSz",
          "checksum": "7a36b65ca726f96ceb0d661a9c535ffa"
        },
        {
          "type": "icon",
          "assetId": "DtnIz9PinSoHSa",
          "checksum": "2f37c9beb61cd055162995e5270b172c"
        },
        {
          "type": "icon",
          "assetId": "8MOjGNV_1qeSqW",
          "checksum": "ff047c9dfc168e50f4f1043a2e273907"
        },
        {
          "type": "icon",
          "assetId": "Vp7Nfx0vuFPKyJ",
          "checksum": "1315f21239ef64a6fe2f6883fcd39b2d"
        },
        {
          "type": "icon",
          "assetId": "D3t9W9GL9AoVuF",
          "checksum": "8decd3d5677a630c8867a9648c0d5784"
        },
        {
          "type": "icon",
          "assetId": "gmUJmu_DPUWeeP",
          "checksum": "49519b9edd12f6b2f734dddc993cb2ab"
        },
        {
          "type": "icon",
          "assetId": "WFPSHm2dgSIJJb",
          "checksum": "f5ead05ba06f863250e05028ab01572d"
        },
        {
          "type": "icon",
          "assetId": "U5f2JRhopY-PM7",
          "checksum": "8b33a60547240a183e9bc215c0bfc1e3"
        },
        {
          "type": "icon",
          "assetId": "sFy4MHVjmJmERd",
          "checksum": "38dde361b35e05537d35b18ff8db672d"
        },
        {
          "type": "icon",
          "assetId": "jUjrai2Jm5u1rb",
          "checksum": "ac0bbe9316a2a370393e8fb0a0776a28"
        },
        {
          "type": "icon",
          "assetId": "wYGGecPv2CTFQP",
          "checksum": "4941553fd3b2be4ac49374a592791c40"
        },
        {
          "type": "icon",
          "assetId": "btFUkmy_LV4KKD",
          "checksum": "3376ef17dbdfb12e9b9607ce0030d765"
        },
        {
          "type": "icon",
          "assetId": "T_8E2r33_tTcYR",
          "checksum": "353cbe93de6c28952b386059b47fb3e6"
        },
        {
          "type": "image",
          "assetId": "0kfJBEqjiBxFAF",
          "checksum": "511134f69d3ae53b1fe641f4115fda12"
        },
        {
          "type": "image",
          "assetId": "dJvLBIWOdJqNCf",
          "checksum": "b440afa8936111c0e262cd46b509ce9b"
        },
        {
          "type": "image",
          "assetId": "4pGUloJ0gv1reC",
          "checksum": "ac9c300725a0e35fcaa6b7624776dad8"
        },
        {
          "type": "image",
          "assetId": "xmWdCRFYnYBoet",
          "checksum": "38f81cfd6f6d4905d5189d04e6c1521b"
        },
        {
          "type": "image",
          "assetId": "y8aGZdS5IhvTqn",
          "checksum": "17dd939e8d44048bc76885c2c2d4a043"
        },
        {
          "type": "image",
          "assetId": "-fERMnDy07NGm7",
          "checksum": "f11a220f47ddb7a118a94a8894dbff6b"
        },
        {
          "type": "image",
          "assetId": "9WuwqqfvIMpNyM",
          "checksum": "c69c679d997308d1f3bf6ce5de05c95f"
        },
        {
          "type": "image",
          "assetId": "iQJzY5-zA9bMlT",
          "checksum": "40683ae3f5d2de6ecb319977dda89c59"
        },
        {
          "type": "image",
          "assetId": "KMh8T7eOdaYuvx",
          "checksum": "a000a0e1223a01ad2984a37b1ee23774"
        },
        {
          "type": "image",
          "assetId": "fs-ZoxaQazH6BP",
          "checksum": "0f0c770913cec0dbc182d94396a81a63"
        },
        {
          "type": "image",
          "assetId": "DVz7i8ubYUNm2P",
          "checksum": "490fce2e451c858b644eb794a22ae822"
        },
        {
          "assetId": "5PB5qCyELTTB2Fu8TWkbXw",
          "type": "projectCss",
          "checksum": "547339ba3b0063997a26c1ec16bc3071"
        },
        {
          "type": "renderModule",
          "assetId": "KavZmR2WSu_",
          "checksum": "918d4b6cf2ec68e7786df8a7ffa68022"
        },
        {
          "type": "cssRules",
          "assetId": "KavZmR2WSu_",
          "checksum": "918d4b6cf2ec68e7786df8a7ffa68022"
        }
      ],
      "codegenVersion": "0.0.1"
    }
  ],
  "cliVersion": "0.1.178"
}
